// !$*UTF8*$!
{
	archiveVersion = 1;
	classes = {
	};
	objectVersion = 52;
	objects = {

/* Begin PBXBuildFile section */
		A202C0682661EA48000FD5C7 /* Const.swift in Sources */ = {isa = PBXBuildFile; fileRef = A202C0672661EA48000FD5C7 /* Const.swift */; };
		A202C06C2661F3FE000FD5C7 /* Alert.swift in Sources */ = {isa = PBXBuildFile; fileRef = A202C06B2661F3FE000FD5C7 /* Alert.swift */; };
		A202C06E26622EEF000FD5C7 /* Logging.swift in Sources */ = {isa = PBXBuildFile; fileRef = A202C06D26622EEF000FD5C7 /* Logging.swift */; };
		A202C07026625A6E000FD5C7 /* WeatherData.swift in Sources */ = {isa = PBXBuildFile; fileRef = A202C06F26625A6E000FD5C7 /* WeatherData.swift */; };
		A253F3E1265DCFD000D56194 /* WeatherViewController.swift in Sources */ = {isa = PBXBuildFile; fileRef = A253F3DF265DCFD000D56194 /* WeatherViewController.swift */; };
		A253F3E2265DCFD000D56194 /* WeatherViewController.xib in Resources */ = {isa = PBXBuildFile; fileRef = A253F3E0265DCFD000D56194 /* WeatherViewController.xib */; };
		A26F0B232662731B00837DA6 /* Date.swift in Sources */ = {isa = PBXBuildFile; fileRef = A26F0B222662731B00837DA6 /* Date.swift */; };
		A26F0B25266275FD00837DA6 /* JsonUtil.swift in Sources */ = {isa = PBXBuildFile; fileRef = A26F0B24266275FD00837DA6 /* JsonUtil.swift */; };
		A2D8436E265C8086003A9606 /* AppDelegate.swift in Sources */ = {isa = PBXBuildFile; fileRef = A2D8436D265C8086003A9606 /* AppDelegate.swift */; };
		A2D84370265C8086003A9606 /* SceneDelegate.swift in Sources */ = {isa = PBXBuildFile; fileRef = A2D8436F265C8086003A9606 /* SceneDelegate.swift */; };
		A2D84377265C8089003A9606 /* Assets.xcassets in Resources */ = {isa = PBXBuildFile; fileRef = A2D84376265C8089003A9606 /* Assets.xcassets */; };
		A2D8437A265C8089003A9606 /* LaunchScreen.storyboard in Resources */ = {isa = PBXBuildFile; fileRef = A2D84378265C8089003A9606 /* LaunchScreen.storyboard */; };
		A2D84385265C8089003A9606 /* iOSTrainingTests.swift in Sources */ = {isa = PBXBuildFile; fileRef = A2D84384265C8089003A9606 /* iOSTrainingTests.swift */; };
		A2D84390265C8089003A9606 /* iOSTrainingUITests.swift in Sources */ = {isa = PBXBuildFile; fileRef = A2D8438F265C8089003A9606 /* iOSTrainingUITests.swift */; };
		A2D8439F265C814B003A9606 /* YumemiWeather in Frameworks */ = {isa = PBXBuildFile; productRef = A2D8439E265C814B003A9606 /* YumemiWeather */; };
		A2DBA2C8265FD1070000E363 /* Extension.swift in Sources */ = {isa = PBXBuildFile; fileRef = A2DBA2C7265FD1070000E363 /* Extension.swift */; };
		A2DBA2CB265FD16E0000E363 /* Weather.swift in Sources */ = {isa = PBXBuildFile; fileRef = A2DBA2CA265FD16E0000E363 /* Weather.swift */; };
		A2E348F3266377CC0067ED90 /* LaunchViewController.swift in Sources */ = {isa = PBXBuildFile; fileRef = A2E348F1266377CC0067ED90 /* LaunchViewController.swift */; };
		A2E348F4266377CC0067ED90 /* LaunchViewController.xib in Resources */ = {isa = PBXBuildFile; fileRef = A2E348F2266377CC0067ED90 /* LaunchViewController.xib */; };
		A2F2773D265F1FC800ECDC1C /* WeatherModel.swift in Sources */ = {isa = PBXBuildFile; fileRef = A2F2773C265F1FC800ECDC1C /* WeatherModel.swift */; };
/* End PBXBuildFile section */

/* Begin PBXContainerItemProxy section */
		A2D84381265C8089003A9606 /* PBXContainerItemProxy */ = {
			isa = PBXContainerItemProxy;
			containerPortal = A2D84362265C8086003A9606 /* Project object */;
			proxyType = 1;
			remoteGlobalIDString = A2D84369265C8086003A9606;
			remoteInfo = iOSTraining;
		};
		A2D8438C265C8089003A9606 /* PBXContainerItemProxy */ = {
			isa = PBXContainerItemProxy;
			containerPortal = A2D84362265C8086003A9606 /* Project object */;
			proxyType = 1;
			remoteGlobalIDString = A2D84369265C8086003A9606;
			remoteInfo = iOSTraining;
		};
/* End PBXContainerItemProxy section */

/* Begin PBXFileReference section */
		A202C0672661EA48000FD5C7 /* Const.swift */ = {isa = PBXFileReference; lastKnownFileType = sourcecode.swift; path = Const.swift; sourceTree = "<group>"; };
		A202C06B2661F3FE000FD5C7 /* Alert.swift */ = {isa = PBXFileReference; lastKnownFileType = sourcecode.swift; path = Alert.swift; sourceTree = "<group>"; };
		A202C06D26622EEF000FD5C7 /* Logging.swift */ = {isa = PBXFileReference; lastKnownFileType = sourcecode.swift; path = Logging.swift; sourceTree = "<group>"; };
		A202C06F26625A6E000FD5C7 /* WeatherData.swift */ = {isa = PBXFileReference; lastKnownFileType = sourcecode.swift; path = WeatherData.swift; sourceTree = "<group>"; };
		A253F3DF265DCFD000D56194 /* WeatherViewController.swift */ = {isa = PBXFileReference; lastKnownFileType = sourcecode.swift; path = WeatherViewController.swift; sourceTree = "<group>"; };
		A253F3E0265DCFD000D56194 /* WeatherViewController.xib */ = {isa = PBXFileReference; lastKnownFileType = file.xib; path = WeatherViewController.xib; sourceTree = "<group>"; };
		A26F0B222662731B00837DA6 /* Date.swift */ = {isa = PBXFileReference; lastKnownFileType = sourcecode.swift; path = Date.swift; sourceTree = "<group>"; };
		A26F0B24266275FD00837DA6 /* JsonUtil.swift */ = {isa = PBXFileReference; lastKnownFileType = sourcecode.swift; path = JsonUtil.swift; sourceTree = "<group>"; };
		A2D8436A265C8086003A9606 /* iOSTraining.app */ = {isa = PBXFileReference; explicitFileType = wrapper.application; includeInIndex = 0; path = iOSTraining.app; sourceTree = BUILT_PRODUCTS_DIR; };
		A2D8436D265C8086003A9606 /* AppDelegate.swift */ = {isa = PBXFileReference; lastKnownFileType = sourcecode.swift; path = AppDelegate.swift; sourceTree = "<group>"; };
		A2D8436F265C8086003A9606 /* SceneDelegate.swift */ = {isa = PBXFileReference; lastKnownFileType = sourcecode.swift; path = SceneDelegate.swift; sourceTree = "<group>"; };
		A2D84376265C8089003A9606 /* Assets.xcassets */ = {isa = PBXFileReference; lastKnownFileType = folder.assetcatalog; path = Assets.xcassets; sourceTree = "<group>"; };
		A2D84379265C8089003A9606 /* Base */ = {isa = PBXFileReference; lastKnownFileType = file.storyboard; name = Base; path = Base.lproj/LaunchScreen.storyboard; sourceTree = "<group>"; };
		A2D8437B265C8089003A9606 /* Info.plist */ = {isa = PBXFileReference; lastKnownFileType = text.plist.xml; path = Info.plist; sourceTree = "<group>"; };
		A2D84380265C8089003A9606 /* iOSTrainingTests.xctest */ = {isa = PBXFileReference; explicitFileType = wrapper.cfbundle; includeInIndex = 0; path = iOSTrainingTests.xctest; sourceTree = BUILT_PRODUCTS_DIR; };
		A2D84384265C8089003A9606 /* iOSTrainingTests.swift */ = {isa = PBXFileReference; lastKnownFileType = sourcecode.swift; path = iOSTrainingTests.swift; sourceTree = "<group>"; };
		A2D84386265C8089003A9606 /* Info.plist */ = {isa = PBXFileReference; lastKnownFileType = text.plist.xml; path = Info.plist; sourceTree = "<group>"; };
		A2D8438B265C8089003A9606 /* iOSTrainingUITests.xctest */ = {isa = PBXFileReference; explicitFileType = wrapper.cfbundle; includeInIndex = 0; path = iOSTrainingUITests.xctest; sourceTree = BUILT_PRODUCTS_DIR; };
		A2D8438F265C8089003A9606 /* iOSTrainingUITests.swift */ = {isa = PBXFileReference; lastKnownFileType = sourcecode.swift; path = iOSTrainingUITests.swift; sourceTree = "<group>"; };
		A2D84391265C8089003A9606 /* Info.plist */ = {isa = PBXFileReference; lastKnownFileType = text.plist.xml; path = Info.plist; sourceTree = "<group>"; };
		A2DBA2C7265FD1070000E363 /* Extension.swift */ = {isa = PBXFileReference; lastKnownFileType = sourcecode.swift; path = Extension.swift; sourceTree = "<group>"; };
		A2DBA2CA265FD16E0000E363 /* Weather.swift */ = {isa = PBXFileReference; lastKnownFileType = sourcecode.swift; path = Weather.swift; sourceTree = "<group>"; };
		A2E348F1266377CC0067ED90 /* LaunchViewController.swift */ = {isa = PBXFileReference; lastKnownFileType = sourcecode.swift; path = LaunchViewController.swift; sourceTree = "<group>"; };
		A2E348F2266377CC0067ED90 /* LaunchViewController.xib */ = {isa = PBXFileReference; lastKnownFileType = file.xib; path = LaunchViewController.xib; sourceTree = "<group>"; };
		A2F2773C265F1FC800ECDC1C /* WeatherModel.swift */ = {isa = PBXFileReference; lastKnownFileType = sourcecode.swift; path = WeatherModel.swift; sourceTree = "<group>"; };
/* End PBXFileReference section */

/* Begin PBXFrameworksBuildPhase section */
		A2D84367265C8086003A9606 /* Frameworks */ = {
			isa = PBXFrameworksBuildPhase;
			buildActionMask = 2147483647;
			files = (
				A2D8439F265C814B003A9606 /* YumemiWeather in Frameworks */,
			);
			runOnlyForDeploymentPostprocessing = 0;
		};
		A2D8437D265C8089003A9606 /* Frameworks */ = {
			isa = PBXFrameworksBuildPhase;
			buildActionMask = 2147483647;
			files = (
			);
			runOnlyForDeploymentPostprocessing = 0;
		};
		A2D84388265C8089003A9606 /* Frameworks */ = {
			isa = PBXFrameworksBuildPhase;
			buildActionMask = 2147483647;
			files = (
			);
			runOnlyForDeploymentPostprocessing = 0;
		};
/* End PBXFrameworksBuildPhase section */

/* Begin PBXGroup section */
		A253F3DE265DCF9300D56194 /* Views */ = {
			isa = PBXGroup;
			children = (
				A253F3DF265DCFD000D56194 /* WeatherViewController.swift */,
				A253F3E0265DCFD000D56194 /* WeatherViewController.xib */,
				A2E348F1266377CC0067ED90 /* LaunchViewController.swift */,
				A2E348F2266377CC0067ED90 /* LaunchViewController.xib */,
			);
			path = Views;
			sourceTree = "<group>";
		};
		A2D84361265C8086003A9606 = {
			isa = PBXGroup;
			children = (
				A2D8436C265C8086003A9606 /* iOSTraining */,
				A2D84383265C8089003A9606 /* iOSTrainingTests */,
				A2D8438E265C8089003A9606 /* iOSTrainingUITests */,
				A2D8436B265C8086003A9606 /* Products */,
			);
			sourceTree = "<group>";
		};
		A2D8436B265C8086003A9606 /* Products */ = {
			isa = PBXGroup;
			children = (
				A2D8436A265C8086003A9606 /* iOSTraining.app */,
				A2D84380265C8089003A9606 /* iOSTrainingTests.xctest */,
				A2D8438B265C8089003A9606 /* iOSTrainingUITests.xctest */,
			);
			name = Products;
			sourceTree = "<group>";
		};
		A2D8436C265C8086003A9606 /* iOSTraining */ = {
			isa = PBXGroup;
			children = (
				A2DBA2C9265FD15C0000E363 /* Common */,
				A2DBA2C6265FD0F10000E363 /* Extensions */,
				A2F2773B265F1FA500ECDC1C /* Models */,
				A253F3DE265DCF9300D56194 /* Views */,
				A2D8436D265C8086003A9606 /* AppDelegate.swift */,
				A2D8436F265C8086003A9606 /* SceneDelegate.swift */,
				A2D84376265C8089003A9606 /* Assets.xcassets */,
				A2D84378265C8089003A9606 /* LaunchScreen.storyboard */,
				A2D8437B265C8089003A9606 /* Info.plist */,
			);
			path = iOSTraining;
			sourceTree = "<group>";
		};
		A2D84383265C8089003A9606 /* iOSTrainingTests */ = {
			isa = PBXGroup;
			children = (
				A2D84384265C8089003A9606 /* iOSTrainingTests.swift */,
				A2D84386265C8089003A9606 /* Info.plist */,
			);
			path = iOSTrainingTests;
			sourceTree = "<group>";
		};
		A2D8438E265C8089003A9606 /* iOSTrainingUITests */ = {
			isa = PBXGroup;
			children = (
				A2D8438F265C8089003A9606 /* iOSTrainingUITests.swift */,
				A2D84391265C8089003A9606 /* Info.plist */,
			);
			path = iOSTrainingUITests;
			sourceTree = "<group>";
		};
		A2DBA2C6265FD0F10000E363 /* Extensions */ = {
			isa = PBXGroup;
			children = (
				A2DBA2C7265FD1070000E363 /* Extension.swift */,
			);
			path = Extensions;
			sourceTree = "<group>";
		};
		A2DBA2C9265FD15C0000E363 /* Common */ = {
			isa = PBXGroup;
			children = (
				A2DBA2CA265FD16E0000E363 /* Weather.swift */,
				A202C0672661EA48000FD5C7 /* Const.swift */,
				A202C06B2661F3FE000FD5C7 /* Alert.swift */,
				A202C06D26622EEF000FD5C7 /* Logging.swift */,
				A26F0B222662731B00837DA6 /* Date.swift */,
				A26F0B24266275FD00837DA6 /* JsonUtil.swift */,
			);
			path = Common;
			sourceTree = "<group>";
		};
		A2F2773B265F1FA500ECDC1C /* Models */ = {
			isa = PBXGroup;
			children = (
				A2F2773C265F1FC800ECDC1C /* WeatherModel.swift */,
				A202C06F26625A6E000FD5C7 /* WeatherData.swift */,
			);
			path = Models;
			sourceTree = "<group>";
		};
/* End PBXGroup section */

/* Begin PBXNativeTarget section */
		A2D84369265C8086003A9606 /* iOSTraining */ = {
			isa = PBXNativeTarget;
			buildConfigurationList = A2D84394265C8089003A9606 /* Build configuration list for PBXNativeTarget "iOSTraining" */;
			buildPhases = (
				A2D84366265C8086003A9606 /* Sources */,
				A2D84367265C8086003A9606 /* Frameworks */,
				A2D84368265C8086003A9606 /* Resources */,
			);
			buildRules = (
			);
			dependencies = (
			);
			name = iOSTraining;
			packageProductDependencies = (
				A2D8439E265C814B003A9606 /* YumemiWeather */,
			);
			productName = iOSTraining;
			productReference = A2D8436A265C8086003A9606 /* iOSTraining.app */;
			productType = "com.apple.product-type.application";
		};
		A2D8437F265C8089003A9606 /* iOSTrainingTests */ = {
			isa = PBXNativeTarget;
			buildConfigurationList = A2D84397265C8089003A9606 /* Build configuration list for PBXNativeTarget "iOSTrainingTests" */;
			buildPhases = (
				A2D8437C265C8089003A9606 /* Sources */,
				A2D8437D265C8089003A9606 /* Frameworks */,
				A2D8437E265C8089003A9606 /* Resources */,
			);
			buildRules = (
			);
			dependencies = (
				A2D84382265C8089003A9606 /* PBXTargetDependency */,
			);
			name = iOSTrainingTests;
			productName = iOSTrainingTests;
			productReference = A2D84380265C8089003A9606 /* iOSTrainingTests.xctest */;
			productType = "com.apple.product-type.bundle.unit-test";
		};
		A2D8438A265C8089003A9606 /* iOSTrainingUITests */ = {
			isa = PBXNativeTarget;
			buildConfigurationList = A2D8439A265C8089003A9606 /* Build configuration list for PBXNativeTarget "iOSTrainingUITests" */;
			buildPhases = (
				A2D84387265C8089003A9606 /* Sources */,
				A2D84388265C8089003A9606 /* Frameworks */,
				A2D84389265C8089003A9606 /* Resources */,
			);
			buildRules = (
			);
			dependencies = (
				A2D8438D265C8089003A9606 /* PBXTargetDependency */,
			);
			name = iOSTrainingUITests;
			productName = iOSTrainingUITests;
			productReference = A2D8438B265C8089003A9606 /* iOSTrainingUITests.xctest */;
			productType = "com.apple.product-type.bundle.ui-testing";
		};
/* End PBXNativeTarget section */

/* Begin PBXProject section */
		A2D84362265C8086003A9606 /* Project object */ = {
			isa = PBXProject;
			attributes = {
				LastSwiftUpdateCheck = 1250;
				LastUpgradeCheck = 1250;
				TargetAttributes = {
					A2D84369265C8086003A9606 = {
						CreatedOnToolsVersion = 12.5;
					};
					A2D8437F265C8089003A9606 = {
						CreatedOnToolsVersion = 12.5;
						TestTargetID = A2D84369265C8086003A9606;
					};
					A2D8438A265C8089003A9606 = {
						CreatedOnToolsVersion = 12.5;
						TestTargetID = A2D84369265C8086003A9606;
					};
				};
			};
			buildConfigurationList = A2D84365265C8086003A9606 /* Build configuration list for PBXProject "iOSTraining" */;
			compatibilityVersion = "Xcode 9.3";
			developmentRegion = en;
			hasScannedForEncodings = 0;
			knownRegions = (
				en,
				Base,
			);
			mainGroup = A2D84361265C8086003A9606;
			packageReferences = (
				A2D8439D265C814B003A9606 /* XCRemoteSwiftPackageReference "ios-training" */,
			);
			productRefGroup = A2D8436B265C8086003A9606 /* Products */;
			projectDirPath = "";
			projectRoot = "";
			targets = (
				A2D84369265C8086003A9606 /* iOSTraining */,
				A2D8437F265C8089003A9606 /* iOSTrainingTests */,
				A2D8438A265C8089003A9606 /* iOSTrainingUITests */,
			);
		};
/* End PBXProject section */

/* Begin PBXResourcesBuildPhase section */
		A2D84368265C8086003A9606 /* Resources */ = {
			isa = PBXResourcesBuildPhase;
			buildActionMask = 2147483647;
			files = (
				A2D8437A265C8089003A9606 /* LaunchScreen.storyboard in Resources */,
				A253F3E2265DCFD000D56194 /* WeatherViewController.xib in Resources */,
				A2D84377265C8089003A9606 /* Assets.xcassets in Resources */,
				A2E348F4266377CC0067ED90 /* LaunchViewController.xib in Resources */,
			);
			runOnlyForDeploymentPostprocessing = 0;
		};
		A2D8437E265C8089003A9606 /* Resources */ = {
			isa = PBXResourcesBuildPhase;
			buildActionMask = 2147483647;
			files = (
			);
			runOnlyForDeploymentPostprocessing = 0;
		};
		A2D84389265C8089003A9606 /* Resources */ = {
			isa = PBXResourcesBuildPhase;
			buildActionMask = 2147483647;
			files = (
			);
			runOnlyForDeploymentPostprocessing = 0;
		};
/* End PBXResourcesBuildPhase section */

/* Begin PBXSourcesBuildPhase section */
		A2D84366265C8086003A9606 /* Sources */ = {
			isa = PBXSourcesBuildPhase;
			buildActionMask = 2147483647;
			files = (
				A2E348F3266377CC0067ED90 /* LaunchViewController.swift in Sources */,
				A202C06C2661F3FE000FD5C7 /* Alert.swift in Sources */,
				A26F0B25266275FD00837DA6 /* JsonUtil.swift in Sources */,
				A202C07026625A6E000FD5C7 /* WeatherData.swift in Sources */,
				A253F3E1265DCFD000D56194 /* WeatherViewController.swift in Sources */,
				A202C06E26622EEF000FD5C7 /* Logging.swift in Sources */,
				A2D8436E265C8086003A9606 /* AppDelegate.swift in Sources */,
				A2F2773D265F1FC800ECDC1C /* WeatherModel.swift in Sources */,
				A2DBA2C8265FD1070000E363 /* Extension.swift in Sources */,
				A2DBA2CB265FD16E0000E363 /* Weather.swift in Sources */,
				A26F0B232662731B00837DA6 /* Date.swift in Sources */,
				A2D84370265C8086003A9606 /* SceneDelegate.swift in Sources */,
				A202C0682661EA48000FD5C7 /* Const.swift in Sources */,
			);
			runOnlyForDeploymentPostprocessing = 0;
		};
		A2D8437C265C8089003A9606 /* Sources */ = {
			isa = PBXSourcesBuildPhase;
			buildActionMask = 2147483647;
			files = (
				A2D84385265C8089003A9606 /* iOSTrainingTests.swift in Sources */,
			);
			runOnlyForDeploymentPostprocessing = 0;
		};
		A2D84387265C8089003A9606 /* Sources */ = {
			isa = PBXSourcesBuildPhase;
			buildActionMask = 2147483647;
			files = (
				A2D84390265C8089003A9606 /* iOSTrainingUITests.swift in Sources */,
			);
			runOnlyForDeploymentPostprocessing = 0;
		};
/* End PBXSourcesBuildPhase section */

/* Begin PBXTargetDependency section */
		A2D84382265C8089003A9606 /* PBXTargetDependency */ = {
			isa = PBXTargetDependency;
			target = A2D84369265C8086003A9606 /* iOSTraining */;
			targetProxy = A2D84381265C8089003A9606 /* PBXContainerItemProxy */;
		};
		A2D8438D265C8089003A9606 /* PBXTargetDependency */ = {
			isa = PBXTargetDependency;
			target = A2D84369265C8086003A9606 /* iOSTraining */;
			targetProxy = A2D8438C265C8089003A9606 /* PBXContainerItemProxy */;
		};
/* End PBXTargetDependency section */

/* Begin PBXVariantGroup section */
		A2D84378265C8089003A9606 /* LaunchScreen.storyboard */ = {
			isa = PBXVariantGroup;
			children = (
				A2D84379265C8089003A9606 /* Base */,
			);
			name = LaunchScreen.storyboard;
			sourceTree = "<group>";
		};
/* End PBXVariantGroup section */

/* Begin XCBuildConfiguration section */
		A2D84392265C8089003A9606 /* Debug */ = {
			isa = XCBuildConfiguration;
			buildSettings = {
				ALWAYS_SEARCH_USER_PATHS = NO;
				CLANG_ANALYZER_NONNULL = YES;
				CLANG_ANALYZER_NUMBER_OBJECT_CONVERSION = YES_AGGRESSIVE;
				CLANG_CXX_LANGUAGE_STANDARD = "gnu++14";
				CLANG_CXX_LIBRARY = "libc++";
				CLANG_ENABLE_MODULES = YES;
				CLANG_ENABLE_OBJC_ARC = YES;
				CLANG_ENABLE_OBJC_WEAK = YES;
				CLANG_WARN_BLOCK_CAPTURE_AUTORELEASING = YES;
				CLANG_WARN_BOOL_CONVERSION = YES;
				CLANG_WARN_COMMA = YES;
				CLANG_WARN_CONSTANT_CONVERSION = YES;
				CLANG_WARN_DEPRECATED_OBJC_IMPLEMENTATIONS = YES;
				CLANG_WARN_DIRECT_OBJC_ISA_USAGE = YES_ERROR;
				CLANG_WARN_DOCUMENTATION_COMMENTS = YES;
				CLANG_WARN_EMPTY_BODY = YES;
				CLANG_WARN_ENUM_CONVERSION = YES;
				CLANG_WARN_INFINITE_RECURSION = YES;
				CLANG_WARN_INT_CONVERSION = YES;
				CLANG_WARN_NON_LITERAL_NULL_CONVERSION = YES;
				CLANG_WARN_OBJC_IMPLICIT_RETAIN_SELF = YES;
				CLANG_WARN_OBJC_LITERAL_CONVERSION = YES;
				CLANG_WARN_OBJC_ROOT_CLASS = YES_ERROR;
				CLANG_WARN_QUOTED_INCLUDE_IN_FRAMEWORK_HEADER = YES;
				CLANG_WARN_RANGE_LOOP_ANALYSIS = YES;
				CLANG_WARN_STRICT_PROTOTYPES = YES;
				CLANG_WARN_SUSPICIOUS_MOVE = YES;
				CLANG_WARN_UNGUARDED_AVAILABILITY = YES_AGGRESSIVE;
				CLANG_WARN_UNREACHABLE_CODE = YES;
				CLANG_WARN__DUPLICATE_METHOD_MATCH = YES;
				COPY_PHASE_STRIP = NO;
				DEBUG_INFORMATION_FORMAT = dwarf;
				ENABLE_STRICT_OBJC_MSGSEND = YES;
				ENABLE_TESTABILITY = YES;
				GCC_C_LANGUAGE_STANDARD = gnu11;
				GCC_DYNAMIC_NO_PIC = NO;
				GCC_NO_COMMON_BLOCKS = YES;
				GCC_OPTIMIZATION_LEVEL = 0;
				GCC_PREPROCESSOR_DEFINITIONS = (
					"DEBUG=1",
					"$(inherited)",
				);
				GCC_WARN_64_TO_32_BIT_CONVERSION = YES;
				GCC_WARN_ABOUT_RETURN_TYPE = YES_ERROR;
				GCC_WARN_UNDECLARED_SELECTOR = YES;
				GCC_WARN_UNINITIALIZED_AUTOS = YES_AGGRESSIVE;
				GCC_WARN_UNUSED_FUNCTION = YES;
				GCC_WARN_UNUSED_VARIABLE = YES;
				IPHONEOS_DEPLOYMENT_TARGET = 12.0;
				MTL_ENABLE_DEBUG_INFO = INCLUDE_SOURCE;
				MTL_FAST_MATH = YES;
				ONLY_ACTIVE_ARCH = YES;
				SDKROOT = iphoneos;
				SWIFT_ACTIVE_COMPILATION_CONDITIONS = DEBUG;
				SWIFT_OPTIMIZATION_LEVEL = "-Onone";
			};
			name = Debug;
		};
		A2D84393265C8089003A9606 /* Release */ = {
			isa = XCBuildConfiguration;
			buildSettings = {
				ALWAYS_SEARCH_USER_PATHS = NO;
				CLANG_ANALYZER_NONNULL = YES;
				CLANG_ANALYZER_NUMBER_OBJECT_CONVERSION = YES_AGGRESSIVE;
				CLANG_CXX_LANGUAGE_STANDARD = "gnu++14";
				CLANG_CXX_LIBRARY = "libc++";
				CLANG_ENABLE_MODULES = YES;
				CLANG_ENABLE_OBJC_ARC = YES;
				CLANG_ENABLE_OBJC_WEAK = YES;
				CLANG_WARN_BLOCK_CAPTURE_AUTORELEASING = YES;
				CLANG_WARN_BOOL_CONVERSION = YES;
				CLANG_WARN_COMMA = YES;
				CLANG_WARN_CONSTANT_CONVERSION = YES;
				CLANG_WARN_DEPRECATED_OBJC_IMPLEMENTATIONS = YES;
				CLANG_WARN_DIRECT_OBJC_ISA_USAGE = YES_ERROR;
				CLANG_WARN_DOCUMENTATION_COMMENTS = YES;
				CLANG_WARN_EMPTY_BODY = YES;
				CLANG_WARN_ENUM_CONVERSION = YES;
				CLANG_WARN_INFINITE_RECURSION = YES;
				CLANG_WARN_INT_CONVERSION = YES;
				CLANG_WARN_NON_LITERAL_NULL_CONVERSION = YES;
				CLANG_WARN_OBJC_IMPLICIT_RETAIN_SELF = YES;
				CLANG_WARN_OBJC_LITERAL_CONVERSION = YES;
				CLANG_WARN_OBJC_ROOT_CLASS = YES_ERROR;
				CLANG_WARN_QUOTED_INCLUDE_IN_FRAMEWORK_HEADER = YES;
				CLANG_WARN_RANGE_LOOP_ANALYSIS = YES;
				CLANG_WARN_STRICT_PROTOTYPES = YES;
				CLANG_WARN_SUSPICIOUS_MOVE = YES;
				CLANG_WARN_UNGUARDED_AVAILABILITY = YES_AGGRESSIVE;
				CLANG_WARN_UNREACHABLE_CODE = YES;
				CLANG_WARN__DUPLICATE_METHOD_MATCH = YES;
				COPY_PHASE_STRIP = NO;
				DEBUG_INFORMATION_FORMAT = "dwarf-with-dsym";
				ENABLE_NS_ASSERTIONS = NO;
				ENABLE_STRICT_OBJC_MSGSEND = YES;
				GCC_C_LANGUAGE_STANDARD = gnu11;
				GCC_NO_COMMON_BLOCKS = YES;
				GCC_WARN_64_TO_32_BIT_CONVERSION = YES;
				GCC_WARN_ABOUT_RETURN_TYPE = YES_ERROR;
				GCC_WARN_UNDECLARED_SELECTOR = YES;
				GCC_WARN_UNINITIALIZED_AUTOS = YES_AGGRESSIVE;
				GCC_WARN_UNUSED_FUNCTION = YES;
				GCC_WARN_UNUSED_VARIABLE = YES;
				IPHONEOS_DEPLOYMENT_TARGET = 12.0;
				MTL_ENABLE_DEBUG_INFO = NO;
				MTL_FAST_MATH = YES;
				SDKROOT = iphoneos;
				SWIFT_COMPILATION_MODE = wholemodule;
				SWIFT_OPTIMIZATION_LEVEL = "-O";
				VALIDATE_PRODUCT = YES;
			};
			name = Release;
		};
		A2D84395265C8089003A9606 /* Debug */ = {
			isa = XCBuildConfiguration;
			buildSettings = {
				ASSETCATALOG_COMPILER_APPICON_NAME = AppIcon;
				ASSETCATALOG_COMPILER_GLOBAL_ACCENT_COLOR_NAME = AccentColor;
				CODE_SIGN_STYLE = Automatic;
				DEVELOPMENT_TEAM = 6A43GJY63D;
				INFOPLIST_FILE = iOSTraining/Info.plist;
				LD_RUNPATH_SEARCH_PATHS = (
					"$(inherited)",
					"@executable_path/Frameworks",
				);
				PRODUCT_BUNDLE_IDENTIFIER = com.shotafuchikami.iOSTraining;
				PRODUCT_NAME = "$(TARGET_NAME)";
				SWIFT_VERSION = 5.0;
				TARGETED_DEVICE_FAMILY = "1,2";
			};
			name = Debug;
		};
		A2D84396265C8089003A9606 /* Release */ = {
			isa = XCBuildConfiguration;
			buildSettings = {
				ASSETCATALOG_COMPILER_APPICON_NAME = AppIcon;
				ASSETCATALOG_COMPILER_GLOBAL_ACCENT_COLOR_NAME = AccentColor;
				CODE_SIGN_STYLE = Automatic;
				DEVELOPMENT_TEAM = 6A43GJY63D;
				INFOPLIST_FILE = iOSTraining/Info.plist;
				LD_RUNPATH_SEARCH_PATHS = (
					"$(inherited)",
					"@executable_path/Frameworks",
				);
				PRODUCT_BUNDLE_IDENTIFIER = com.shotafuchikami.iOSTraining;
				PRODUCT_NAME = "$(TARGET_NAME)";
				SWIFT_VERSION = 5.0;
				TARGETED_DEVICE_FAMILY = "1,2";
			};
			name = Release;
		};
		A2D84398265C8089003A9606 /* Debug */ = {
			isa = XCBuildConfiguration;
			buildSettings = {
				ALWAYS_EMBED_SWIFT_STANDARD_LIBRARIES = YES;
				BUNDLE_LOADER = "$(TEST_HOST)";
				CODE_SIGN_STYLE = Automatic;
				DEVELOPMENT_TEAM = 6A43GJY63D;
				INFOPLIST_FILE = iOSTrainingTests/Info.plist;
				IPHONEOS_DEPLOYMENT_TARGET = 14.5;
				LD_RUNPATH_SEARCH_PATHS = (
					"$(inherited)",
					"@executable_path/Frameworks",
					"@loader_path/Frameworks",
				);
				PRODUCT_BUNDLE_IDENTIFIER = com.shotafuchikami.iOSTrainingTests;
				PRODUCT_NAME = "$(TARGET_NAME)";
				SWIFT_VERSION = 5.0;
				TARGETED_DEVICE_FAMILY = "1,2";
				TEST_HOST = "$(BUILT_PRODUCTS_DIR)/iOSTraining.app/iOSTraining";
			};
			name = Debug;
		};
		A2D84399265C8089003A9606 /* Release */ = {
			isa = XCBuildConfiguration;
			buildSettings = {
				ALWAYS_EMBED_SWIFT_STANDARD_LIBRARIES = YES;
				BUNDLE_LOADER = "$(TEST_HOST)";
				CODE_SIGN_STYLE = Automatic;
				DEVELOPMENT_TEAM = 6A43GJY63D;
				INFOPLIST_FILE = iOSTrainingTests/Info.plist;
				IPHONEOS_DEPLOYMENT_TARGET = 14.5;
				LD_RUNPATH_SEARCH_PATHS = (
					"$(inherited)",
					"@executable_path/Frameworks",
					"@loader_path/Frameworks",
				);
				PRODUCT_BUNDLE_IDENTIFIER = com.shotafuchikami.iOSTrainingTests;
				PRODUCT_NAME = "$(TARGET_NAME)";
				SWIFT_VERSION = 5.0;
				TARGETED_DEVICE_FAMILY = "1,2";
				TEST_HOST = "$(BUILT_PRODUCTS_DIR)/iOSTraining.app/iOSTraining";
			};
			name = Release;
		};
		A2D8439B265C8089003A9606 /* Debug */ = {
			isa = XCBuildConfiguration;
			buildSettings = {
				ALWAYS_EMBED_SWIFT_STANDARD_LIBRARIES = YES;
				CODE_SIGN_STYLE = Automatic;
				DEVELOPMENT_TEAM = 6A43GJY63D;
				INFOPLIST_FILE = iOSTrainingUITests/Info.plist;
				LD_RUNPATH_SEARCH_PATHS = (
					"$(inherited)",
					"@executable_path/Frameworks",
					"@loader_path/Frameworks",
				);
				PRODUCT_BUNDLE_IDENTIFIER = com.shotafuchikami.iOSTrainingUITests;
				PRODUCT_NAME = "$(TARGET_NAME)";
				SWIFT_VERSION = 5.0;
				TARGETED_DEVICE_FAMILY = "1,2";
				TEST_TARGET_NAME = iOSTraining;
			};
			name = Debug;
		};
		A2D8439C265C8089003A9606 /* Release */ = {
			isa = XCBuildConfiguration;
			buildSettings = {
				ALWAYS_EMBED_SWIFT_STANDARD_LIBRARIES = YES;
				CODE_SIGN_STYLE = Automatic;
				DEVELOPMENT_TEAM = 6A43GJY63D;
				INFOPLIST_FILE = iOSTrainingUITests/Info.plist;
				LD_RUNPATH_SEARCH_PATHS = (
					"$(inherited)",
					"@executable_path/Frameworks",
					"@loader_path/Frameworks",
				);
				PRODUCT_BUNDLE_IDENTIFIER = com.shotafuchikami.iOSTrainingUITests;
				PRODUCT_NAME = "$(TARGET_NAME)";
				SWIFT_VERSION = 5.0;
				TARGETED_DEVICE_FAMILY = "1,2";
				TEST_TARGET_NAME = iOSTraining;
			};
			name = Release;
		};
/* End XCBuildConfiguration section */

/* Begin XCConfigurationList section */
		A2D84365265C8086003A9606 /* Build configuration list for PBXProject "iOSTraining" */ = {
			isa = XCConfigurationList;
			buildConfigurations = (
				A2D84392265C8089003A9606 /* Debug */,
				A2D84393265C8089003A9606 /* Release */,
			);
			defaultConfigurationIsVisible = 0;
			defaultConfigurationName = Release;
		};
		A2D84394265C8089003A9606 /* Build configuration list for PBXNativeTarget "iOSTraining" */ = {
			isa = XCConfigurationList;
			buildConfigurations = (
				A2D84395265C8089003A9606 /* Debug */,
				A2D84396265C8089003A9606 /* Release */,
			);
			defaultConfigurationIsVisible = 0;
			defaultConfigurationName = Release;
		};
		A2D84397265C8089003A9606 /* Build configuration list for PBXNativeTarget "iOSTrainingTests" */ = {
			isa = XCConfigurationList;
			buildConfigurations = (
				A2D84398265C8089003A9606 /* Debug */,
				A2D84399265C8089003A9606 /* Release */,
			);
			defaultConfigurationIsVisible = 0;
			defaultConfigurationName = Release;
		};
		A2D8439A265C8089003A9606 /* Build configuration list for PBXNativeTarget "iOSTrainingUITests" */ = {
			isa = XCConfigurationList;
			buildConfigurations = (
				A2D8439B265C8089003A9606 /* Debug */,
				A2D8439C265C8089003A9606 /* Release */,
			);
			defaultConfigurationIsVisible = 0;
			defaultConfigurationName = Release;
		};
/* End XCConfigurationList section */

/* Begin XCRemoteSwiftPackageReference section */
		A2D8439D265C814B003A9606 /* XCRemoteSwiftPackageReference "ios-training" */ = {
			isa = XCRemoteSwiftPackageReference;
			repositoryURL = "https://github.com/yumemi-inc/ios-training.git";
			requirement = {
				kind = upToNextMajorVersion;
				minimumVersion = 1.0.4;
			};
		};
/* End XCRemoteSwiftPackageReference section */

/* Begin XCSwiftPackageProductDependency section */
		A2D8439E265C814B003A9606 /* YumemiWeather */ = {
			isa = XCSwiftPackageProductDependency;
			package = A2D8439D265C814B003A9606 /* XCRemoteSwiftPackageReference "ios-training" */;
			productName = YumemiWeather;
		};
/* End XCSwiftPackageProductDependency section */
	};
	rootObject = A2D84362265C8086003A9606 /* Project object */;
}
